<?xml version="1.0" encoding="utf-8"?>
<Project ToolsVersion="4.0" xmlns="http://schemas.microsoft.com/developer/msbuild/2003">
  <ItemGroup>
    <Filter Include="Source Files">
      <UniqueIdentifier>{4FC737F1-C7A5-4376-A066-2A32D752A2FF}</UniqueIdentifier>
      <Extensions>cpp;c;cc;cxx;def;odl;idl;hpj;bat;asm;asmx</Extensions>
    </Filter>
    <Filter Include="Header Files">
      <UniqueIdentifier>{93995380-89BD-4b04-88EB-625FBE52EBFB}</UniqueIdentifier>
      <Extensions>h;hpp;hxx;hm;inl;inc;xsd</Extensions>
    </Filter>
    <Filter Include="Shaders">
      <UniqueIdentifier>{38ca3dc6-1f99-4e6a-bfb7-1527f307e7e5}</UniqueIdentifier>
    </Filter>
    <Filter Include="Header Files\Implementation">
      <UniqueIdentifier>{f62fe857-b7c4-49cd-aed8-14041b071b7f}</UniqueIdentifier>
    </Filter>
    <Filter Include="Source Files\Implementation">
      <UniqueIdentifier>{e2207a95-082f-424f-b07a-95a8655b15ab}</UniqueIdentifier>
    </Filter>
  </ItemGroup>
  <ItemGroup>
    <ClInclude Include="Library.h">
      <Filter>Header Files</Filter>
    </ClInclude>
    <ClInclude Include="GLPT.h">
      <Filter>Header Files</Filter>
    </ClInclude>
    <ClInclude Include="Engine.h">
      <Filter>Header Files</Filter>
    </ClInclude>
    <ClInclude Include="Graphics.h">
      <Filter>Header Files</Filter>
    </ClInclude>
    <ClInclude Include="Window.h">
      <Filter>Header Files</Filter>
    </ClInclude>
    <ClInclude Include="Shader.h">
      <Filter>Header Files</Filter>
    </ClInclude>
    <ClInclude Include="Drawable.h">
      <Filter>Header Files</Filter>
    </ClInclude>
    <ClInclude Include="Indexer.h">
      <Filter>Header Files</Filter>
    </ClInclude>
    <ClInclude Include="Input.h">
      <Filter>Header Files</Filter>
    </ClInclude>
    <ClInclude Include="Iterator.h">
      <Filter>Header Files</Filter>
    </ClInclude>
    <ClInclude Include="RenderController.h">
      <Filter>Header Files\Implementation</Filter>
    </ClInclude>
    <ClInclude Include="Game.h">
      <Filter>Header Files\Implementation</Filter>
    </ClInclude>
    <ClInclude Include="Physics.h">
      <Filter>Header Files</Filter>
    </ClInclude>
    <ClInclude Include="Player.h">
      <Filter>Header Files\Implementation</Filter>
    </ClInclude>
    <ClInclude Include="Camera.h">
      <Filter>Header Files</Filter>
    </ClInclude>
    <ClInclude Include="GameCamera.h">
      <Filter>Header Files\Implementation</Filter>
    </ClInclude>
    <ClInclude Include="Block.h">
      <Filter>Header Files\Implementation</Filter>
    </ClInclude>
    <ClInclude Include="Brush.h">
      <Filter>Header Files\Implementation</Filter>
    </ClInclude>
    <ClInclude Include="Animation.h">
      <Filter>Header Files</Filter>
    </ClInclude>
    <ClInclude Include="Timer.h">
      <Filter>Header Files</Filter>
    </ClInclude>
    <ClInclude Include="Parallax.h">
      <Filter>Header Files\Implementation</Filter>
    </ClInclude>
    <ClInclude Include="Physbox.h">
      <Filter>Header Files\Implementation</Filter>
    </ClInclude>
    <ClInclude Include="Radiosity.h">
      <Filter>Header Files\Implementation</Filter>
    </ClInclude>
  </ItemGroup>
  <ItemGroup>
    <ClCompile Include="Graphics.cpp">
      <Filter>Source Files</Filter>
    </ClCompile>
    <ClCompile Include="Source.cpp">
      <Filter>Source Files</Filter>
    </ClCompile>
    <ClCompile Include="Shader.cpp">
      <Filter>Source Files</Filter>
    </ClCompile>
    <ClCompile Include="Engine.cpp">
      <Filter>Source Files</Filter>
    </ClCompile>
    <ClCompile Include="Window.cpp">
      <Filter>Source Files</Filter>
    </ClCompile>
    <ClCompile Include="Indexer.cpp">
      <Filter>Source Files</Filter>
    </ClCompile>
    <ClCompile Include="Input.cpp">
      <Filter>Source Files</Filter>
    </ClCompile>
    <ClCompile Include="Iterator.cpp">
      <Filter>Source Files</Filter>
    </ClCompile>
    <ClCompile Include="RenderController.cpp">
      <Filter>Source Files\Implementation</Filter>
    </ClCompile>
    <ClCompile Include="Physics.cpp">
      <Filter>Source Files</Filter>
    </ClCompile>
    <ClCompile Include="Player.cpp">
      <Filter>Source Files\Implementation</Filter>
    </ClCompile>
    <ClCompile Include="Camera.cpp">
      <Filter>Source Files</Filter>
    </ClCompile>
    <ClCompile Include="GameCamera.cpp">
      <Filter>Source Files\Implementation</Filter>
    </ClCompile>
    <ClCompile Include="Brush.cpp">
      <Filter>Source Files\Implementation</Filter>
    </ClCompile>
    <ClCompile Include="Animation.cpp">
      <Filter>Source Files</Filter>
    </ClCompile>
    <ClCompile Include="Timer.cpp">
      <Filter>Source Files</Filter>
    </ClCompile>
    <ClCompile Include="Parallax.cpp">
      <Filter>Source Files\Implementation</Filter>
    </ClCompile>
    <ClCompile Include="Physbox.cpp">
      <Filter>Source Files\Implementation</Filter>
    </ClCompile>
    <ClCompile Include="Radiosity.cpp">
      <Filter>Source Files\Implementation</Filter>
    </ClCompile>
  </ItemGroup>
  <ItemGroup>
    <None Include="..\Resource\Shader\post_process.hlsl">
      <Filter>Shaders</Filter>
    </None>
    <None Include="..\Resource\Shader\render_normal.hlsl">
      <Filter>Shaders</Filter>
    </None>
  </ItemGroup>
</Project>